
Microsoft Visual Studio Solution File, Format Version 12.00
# Visual Studio Version 16
VisualStudioVersion = 16.0.31321.278
MinimumVisualStudioVersion = 10.0.40219.1
Project("{FAE04EC0-301F-11D3-BF4B-00C04F79EFBC}") = "ManajemenLaundry", "ManajemenLaundry.csproj", "{487315D8-9068-436E-9E7A-9FBCE4396608}"
EndProject
Global
	GlobalSection(SolutionConfigurationPlatforms) = preSolution
		Debug|Any CPU = Debug|Any CPU
		Release|Any CPU = Release|Any CPU
	EndGlobalSection
	GlobalSection(ProjectConfigurationPlatforms) = postSolution
		{487315D8-9068-436E-9E7A-9FBCE4396608}.Debug|Any CPU.ActiveCfg = Debug|Any CPU
		{487315D8-9068-436E-9E7A-9FBCE4396608}.Debug|Any CPU.Build.0 = Debug|Any CPU
		{487315D8-9068-436E-9E7A-9FBCE4396608}.Release|Any CPU.ActiveCfg = Release|Any CPU
		{487315D8-9068-436E-9E7A-9FBCE4396608}.Release|Any CPU.Build.0 = Release|Any CPU
	EndGlobalSection
	GlobalSection(SolutionProperties) = preSolution
		HideSolutionNode = FALSE
	EndGlobalSection
	GlobalSection(ExtensibilityGlobals) = postSolution
		SolutionGuid = {483AF610-96D6-4E21-A68C-86C58CAF655E}
	EndGlobalSection
EndGlobal
